
Microsoft Visual Studio Solution File, Format Version 12.00
# Visual Studio Version 16
VisualStudioVersion = 16.0.28803.916
MinimumVisualStudioVersion = 10.0.40219.1
Project("{FAE04EC0-301F-11D3-BF4B-00C04F79EFBC}") = "Linq_ass", "Linq_ass.csproj", "{90370BEE-566F-47C8-862F-667CC0721CF1}"
EndProject
Global
	GlobalSection(SolutionConfigurationPlatforms) = preSolution
		Debug|Any CPU = Debug|Any CPU
		Release|Any CPU = Release|Any CPU
	EndGlobalSection
	GlobalSection(ProjectConfigurationPlatforms) = postSolution
		{90370BEE-566F-47C8-862F-667CC0721CF1}.Debug|Any CPU.ActiveCfg = Debug|Any CPU
		{90370BEE-566F-47C8-862F-667CC0721CF1}.Debug|Any CPU.Build.0 = Debug|Any CPU
		{90370BEE-566F-47C8-862F-667CC0721CF1}.Release|Any CPU.ActiveCfg = Release|Any CPU
		{90370BEE-566F-47C8-862F-667CC0721CF1}.Release|Any CPU.Build.0 = Release|Any CPU
	EndGlobalSection
	GlobalSection(SolutionProperties) = preSolution
		HideSolutionNode = FALSE
	EndGlobalSection
	GlobalSection(ExtensibilityGlobals) = postSolution
		SolutionGuid = {6E054E37-1547-456E-8F43-BD50A019049B}
	EndGlobalSection
EndGlobal
